
Microsoft Visual Studio Solution File, Format Version 12.00
# Visual Studio 2012
Project("{FAE04EC0-301F-11D3-BF4B-00C04F79EFBC}") = "SimpleLogInSystem", "SimpleLogInSystem\SimpleLogInSystem.csproj", "{A27FA7FD-7A38-459A-8CAA-8DB95FC5700E}"
EndProject
Global
	GlobalSection(SolutionConfigurationPlatforms) = preSolution
		Debug|Any CPU = Debug|Any CPU
		Release|Any CPU = Release|Any CPU
	EndGlobalSection
	GlobalSection(ProjectConfigurationPlatforms) = postSolution
		{A27FA7FD-7A38-459A-8CAA-8DB95FC5700E}.Debug|Any CPU.ActiveCfg = Debug|Any CPU
		{A27FA7FD-7A38-459A-8CAA-8DB95FC5700E}.Debug|Any CPU.Build.0 = Debug|Any CPU
		{A27FA7FD-7A38-459A-8CAA-8DB95FC5700E}.Release|Any CPU.ActiveCfg = Release|Any CPU
		{A27FA7FD-7A38-459A-8CAA-8DB95FC5700E}.Release|Any CPU.Build.0 = Release|Any CPU
	EndGlobalSection
	GlobalSection(SolutionProperties) = preSolution
		HideSolutionNode = FALSE
	EndGlobalSection
EndGlobal
